// !$*UTF8*$!
{
	archiveVersion = 1;
	classes = {
	};
	objectVersion = 50;
	objects = {

/* Begin PBXBuildFile section */
		1D381F9A26BF285F003B54CE /* CryptoMowApp.swift in Sources */ = {isa = PBXBuildFile; fileRef = 1D381F9926BF285F003B54CE /* CryptoMowApp.swift */; };
		1D381F9C26BF285F003B54CE /* ContentView.swift in Sources */ = {isa = PBXBuildFile; fileRef = 1D381F9B26BF285F003B54CE /* ContentView.swift */; };
		1D381F9E26BF2862003B54CE /* Assets.xcassets in Resources */ = {isa = PBXBuildFile; fileRef = 1D381F9D26BF2862003B54CE /* Assets.xcassets */; };
		1D381FA126BF2862003B54CE /* Preview Assets.xcassets in Resources */ = {isa = PBXBuildFile; fileRef = 1D381FA026BF2862003B54CE /* Preview Assets.xcassets */; };
		5C7755250886E6A07813A5CB /* Pods_CryptoMow.framework in Frameworks */ = {isa = PBXBuildFile; fileRef = 3786D7DB5A9F41D5A22A43C7 /* Pods_CryptoMow.framework */; };
/* End PBXBuildFile section */

/* Begin PBXFileReference section */
		1D381F9626BF285F003B54CE /* CryptoMow.app */ = {isa = PBXFileReference; explicitFileType = wrapper.application; includeInIndex = 0; path = CryptoMow.app; sourceTree = BUILT_PRODUCTS_DIR; };
		1D381F9926BF285F003B54CE /* CryptoMowApp.swift */ = {isa = PBXFileReference; lastKnownFileType = sourcecode.swift; path = CryptoMowApp.swift; sourceTree = "<group>"; };
		1D381F9B26BF285F003B54CE /* ContentView.swift */ = {isa = PBXFileReference; lastKnownFileType = sourcecode.swift; path = ContentView.swift; sourceTree = "<group>"; };
		1D381F9D26BF2862003B54CE /* Assets.xcassets */ = {isa = PBXFileReference; lastKnownFileType = folder.assetcatalog; path = Assets.xcassets; sourceTree = "<group>"; };
		1D381FA026BF2862003B54CE /* Preview Assets.xcassets */ = {isa = PBXFileReference; lastKnownFileType = folder.assetcatalog; path = "Preview Assets.xcassets"; sourceTree = "<group>"; };
		1D381FA226BF2862003B54CE /* Info.plist */ = {isa = PBXFileReference; lastKnownFileType = text.plist.xml; path = Info.plist; sourceTree = "<group>"; };
		3786D7DB5A9F41D5A22A43C7 /* Pods_CryptoMow.framework */ = {isa = PBXFileReference; explicitFileType = wrapper.framework; includeInIndex = 0; path = Pods_CryptoMow.framework; sourceTree = BUILT_PRODUCTS_DIR; };
		5F697711218437AE4EDA3B3F /* Pods-CryptoMow.release.xcconfig */ = {isa = PBXFileReference; includeInIndex = 1; lastKnownFileType = text.xcconfig; name = "Pods-CryptoMow.release.xcconfig"; path = "Target Support Files/Pods-CryptoMow/Pods-CryptoMow.release.xcconfig"; sourceTree = "<group>"; };
		A485932BFF04247219A20B3F /* Pods-CryptoMow.debug.xcconfig */ = {isa = PBXFileReference; includeInIndex = 1; lastKnownFileType = text.xcconfig; name = "Pods-CryptoMow.debug.xcconfig"; path = "Target Support Files/Pods-CryptoMow/Pods-CryptoMow.debug.xcconfig"; sourceTree = "<group>"; };
/* End PBXFileReference section */

/* Begin PBXFrameworksBuildPhase section */
		1D381F9326BF285F003B54CE /* Frameworks */ = {
			isa = PBXFrameworksBuildPhase;
			buildActionMask = 2147483647;
			files = (
				5C7755250886E6A07813A5CB /* Pods_CryptoMow.framework in Frameworks */,
			);
			runOnlyForDeploymentPostprocessing = 0;
		};
/* End PBXFrameworksBuildPhase section */

/* Begin PBXGroup section */
		0106B88A6B28FA93376610EE /* Frameworks */ = {
			isa = PBXGroup;
			children = (
				3786D7DB5A9F41D5A22A43C7 /* Pods_CryptoMow.framework */,
			);
			name = Frameworks;
			sourceTree = "<group>";
		};
		0C033FDF38D456B3AF026E0C /* Pods */ = {
			isa = PBXGroup;
			children = (
				A485932BFF04247219A20B3F /* Pods-CryptoMow.debug.xcconfig */,
				5F697711218437AE4EDA3B3F /* Pods-CryptoMow.release.xcconfig */,
			);
			name = Pods;
			path = Pods;
			sourceTree = "<group>";
		};
		1D381F8D26BF285F003B54CE = {
			isa = PBXGroup;
			children = (
				1D381F9826BF285F003B54CE /* CryptoMow */,
				1D381F9726BF285F003B54CE /* Products */,
				0C033FDF38D456B3AF026E0C /* Pods */,
				0106B88A6B28FA93376610EE /* Frameworks */,
			);
			sourceTree = "<group>";
		};
		1D381F9726BF285F003B54CE /* Products */ = {
			isa = PBXGroup;
			children = (
				1D381F9626BF285F003B54CE /* CryptoMow.app */,
			);
			name = Products;
			sourceTree = "<group>";
		};
		1D381F9826BF285F003B54CE /* CryptoMow */ = {
			isa = PBXGroup;
			children = (
				1DC4A88C26CA329A007C66DC /* viewModel  */,
				1DC4A88B26CA3273007C66DC /* view  */,
				1DC4A88A26CA326A007C66DC /* model  */,
				1D381F9926BF285F003B54CE /* CryptoMowApp.swift */,
				1D381F9B26BF285F003B54CE /* ContentView.swift */,
				1D381F9D26BF2862003B54CE /* Assets.xcassets */,
				1D381FA226BF2862003B54CE /* Info.plist */,
				1D381F9F26BF2862003B54CE /* Preview Content */,
			);
			path = CryptoMow;
			sourceTree = "<group>";
		};
		1D381F9F26BF2862003B54CE /* Preview Content */ = {
			isa = PBXGroup;
			children = (
				1D381FA026BF2862003B54CE /* Preview Assets.xcassets */,
			);
			path = "Preview Content";
			sourceTree = "<group>";
		};
		1DC4A88A26CA326A007C66DC /* model  */ = {
			isa = PBXGroup;
			children = (
			);
			path = "model ";
			sourceTree = "<group>";
		};
		1DC4A88B26CA3273007C66DC /* view  */ = {
			isa = PBXGroup;
			children = (
			);
			path = "view ";
			sourceTree = "<group>";
		};
		1DC4A88C26CA329A007C66DC /* viewModel  */ = {
			isa = PBXGroup;
			children = (
			);
			path = "viewModel ";
			sourceTree = "<group>";
		};
/* End PBXGroup section */

/* Begin PBXNativeTarget section */
		1D381F9526BF285F003B54CE /* CryptoMow */ = {
			isa = PBXNativeTarget;
			buildConfigurationList = 1D381FA526BF2862003B54CE /* Build configuration list for PBXNativeTarget "CryptoMow" */;
			buildPhases = (
				73AAAD77B321BDFCAE1B26AB /* [CP] Check Pods Manifest.lock */,
				1D381F9226BF285F003B54CE /* Sources */,
				1D381F9326BF285F003B54CE /* Frameworks */,
				1D381F9426BF285F003B54CE /* Resources */,
				F932BC45B96ABA92708ACC2F /* [CP] Embed Pods Frameworks */,
			);
			buildRules = (
			);
			dependencies = (
			);
			name = CryptoMow;
			productName = CryptoMow;
			productReference = 1D381F9626BF285F003B54CE /* CryptoMow.app */;
			productType = "com.apple.product-type.application";
		};
/* End PBXNativeTarget section */

/* Begin PBXProject section */
		1D381F8E26BF285F003B54CE /* Project object */ = {
			isa = PBXProject;
			attributes = {
				LastSwiftUpdateCheck = 1240;
				LastUpgradeCheck = 1240;
				TargetAttributes = {
					1D381F9526BF285F003B54CE = {
						CreatedOnToolsVersion = 12.4;
					};
				};
			};
			buildConfigurationList = 1D381F9126BF285F003B54CE /* Build configuration list for PBXProject "CryptoMow" */;
			compatibilityVersion = "Xcode 9.3";
			developmentRegion = en;
			hasScannedForEncodings = 0;
			knownRegions = (
				en,
				Base,
			);
			mainGroup = 1D381F8D26BF285F003B54CE;
			productRefGroup = 1D381F9726BF285F003B54CE /* Products */;
			projectDirPath = "";
			projectRoot = "";
			targets = (
				1D381F9526BF285F003B54CE /* CryptoMow */,
			);
		};
/* End PBXProject section */

/* Begin PBXResourcesBuildPhase section */
		1D381F9426BF285F003B54CE /* Resources */ = {
			isa = PBXResourcesBuildPhase;
			buildActionMask = 2147483647;
			files = (
				1D381FA126BF2862003B54CE /* Preview Assets.xcassets in Resources */,
				1D381F9E26BF2862003B54CE /* Assets.xcassets in Resources */,
			);
			runOnlyForDeploymentPostprocessing = 0;
		};
/* End PBXResourcesBuildPhase section */

/* Begin PBXShellScriptBuildPhase section */
		73AAAD77B321BDFCAE1B26AB /* [CP] Check Pods Manifest.lock */ = {
			isa = PBXShellScriptBuildPhase;
			buildActionMask = 2147483647;
			files = (
			);
			inputFileListPaths = (
			);
			inputPaths = (
				"${PODS_PODFILE_DIR_PATH}/Podfile.lock",
				"${PODS_ROOT}/Manifest.lock",
			);
			name = "[CP] Check Pods Manifest.lock";
			outputFileListPaths = (
			);
			outputPaths = (
				"$(DERIVED_FILE_DIR)/Pods-CryptoMow-checkManifestLockResult.txt",
			);
			runOnlyForDeploymentPostprocessing = 0;
			shellPath = /bin/sh;
			shellScript = "diff \"${PODS_PODFILE_DIR_PATH}/Podfile.lock\" \"${PODS_ROOT}/Manifest.lock\" > /dev/null\nif [ $? != 0 ] ; then\n    # print error to STDERR\n    echo \"error: The sandbox is not in sync with the Podfile.lock. Run 'pod install' or update your CocoaPods installation.\" >&2\n    exit 1\nfi\n# This output is used by Xcode 'outputs' to avoid re-running this script phase.\necho \"SUCCESS\" > \"${SCRIPT_OUTPUT_FILE_0}\"\n";
			showEnvVarsInLog = 0;
		};
		F932BC45B96ABA92708ACC2F /* [CP] Embed Pods Frameworks */ = {
			isa = PBXShellScriptBuildPhase;
			buildActionMask = 2147483647;
			files = (
			);
			inputFileListPaths = (
				"${PODS_ROOT}/Target Support Files/Pods-CryptoMow/Pods-CryptoMow-frameworks-${CONFIGURATION}-input-files.xcfilelist",
			);
			name = "[CP] Embed Pods Frameworks";
			outputFileListPaths = (
				"${PODS_ROOT}/Target Support Files/Pods-CryptoMow/Pods-CryptoMow-frameworks-${CONFIGURATION}-output-files.xcfilelist",
			);
			runOnlyForDeploymentPostprocessing = 0;
			shellPath = /bin/sh;
			shellScript = "\"${PODS_ROOT}/Target Support Files/Pods-CryptoMow/Pods-CryptoMow-frameworks.sh\"\n";
			showEnvVarsInLog = 0;
		};
/* End PBXShellScriptBuildPhase section */

/* Begin PBXSourcesBuildPhase section */
		1D381F9226BF285F003B54CE /* Sources */ = {
			isa = PBXSourcesBuildPhase;
			buildActionMask = 2147483647;
			files = (
				1D381F9C26BF285F003B54CE /* ContentView.swift in Sources */,
				1D381F9A26BF285F003B54CE /* CryptoMowApp.swift in Sources */,
			);
			runOnlyForDeploymentPostprocessing = 0;
		};
/* End PBXSourcesBuildPhase section */

/* Begin XCBuildConfiguration section */
		1D381FA326BF2862003B54CE /* Debug */ = {
			isa = XCBuildConfiguration;
			buildSettings = {
				ALWAYS_SEARCH_USER_PATHS = NO;
				CLANG_ANALYZER_NONNULL = YES;
				CLANG_ANALYZER_NUMBER_OBJECT_CONVERSION = YES_AGGRESSIVE;
				CLANG_CXX_LANGUAGE_STANDARD = "gnu++14";
				CLANG_CXX_LIBRARY = "libc++";
				CLANG_ENABLE_MODULES = YES;
				CLANG_ENABLE_OBJC_ARC = YES;
				CLANG_ENABLE_OBJC_WEAK = YES;
				CLANG_WARN_BLOCK_CAPTURE_AUTORELEASING = YES;
				CLANG_WARN_BOOL_CONVERSION = YES;
				CLANG_WARN_COMMA = YES;
				CLANG_WARN_CONSTANT_CONVERSION = YES;
				CLANG_WARN_DEPRECATED_OBJC_IMPLEMENTATIONS = YES;
				CLANG_WARN_DIRECT_OBJC_ISA_USAGE = YES_ERROR;
				CLANG_WARN_DOCUMENTATION_COMMENTS = YES;
				CLANG_WARN_EMPTY_BODY = YES;
				CLANG_WARN_ENUM_CONVERSION = YES;
				CLANG_WARN_INFINITE_RECURSION = YES;
				CLANG_WARN_INT_CONVERSION = YES;
				CLANG_WARN_NON_LITERAL_NULL_CONVERSION = YES;
				CLANG_WARN_OBJC_IMPLICIT_RETAIN_SELF = YES;
				CLANG_WARN_OBJC_LITERAL_CONVERSION = YES;
				CLANG_WARN_OBJC_ROOT_CLASS = YES_ERROR;
				CLANG_WARN_QUOTED_INCLUDE_IN_FRAMEWORK_HEADER = YES;
				CLANG_WARN_RANGE_LOOP_ANALYSIS = YES;
				CLANG_WARN_STRICT_PROTOTYPES = YES;
				CLANG_WARN_SUSPICIOUS_MOVE = YES;
				CLANG_WARN_UNGUARDED_AVAILABILITY = YES_AGGRESSIVE;
				CLANG_WARN_UNREACHABLE_CODE = YES;
				CLANG_WARN__DUPLICATE_METHOD_MATCH = YES;
				COPY_PHASE_STRIP = NO;
				DEBUG_INFORMATION_FORMAT = dwarf;
				ENABLE_STRICT_OBJC_MSGSEND = YES;
				ENABLE_TESTABILITY = YES;
				GCC_C_LANGUAGE_STANDARD = gnu11;
				GCC_DYNAMIC_NO_PIC = NO;
				GCC_NO_COMMON_BLOCKS = YES;
				GCC_OPTIMIZATION_LEVEL = 0;
				GCC_PREPROCESSOR_DEFINITIONS = (
					"DEBUG=1",
					"$(inherited)",
				);
				GCC_WARN_64_TO_32_BIT_CONVERSION = YES;
				GCC_WARN_ABOUT_RETURN_TYPE = YES_ERROR;
				GCC_WARN_UNDECLARED_SELECTOR = YES;
				GCC_WARN_UNINITIALIZED_AUTOS = YES_AGGRESSIVE;
				GCC_WARN_UNUSED_FUNCTION = YES;
				GCC_WARN_UNUSED_VARIABLE = YES;
				IPHONEOS_DEPLOYMENT_TARGET = 14.4;
				MTL_ENABLE_DEBUG_INFO = INCLUDE_SOURCE;
				MTL_FAST_MATH = YES;
				ONLY_ACTIVE_ARCH = YES;
				SDKROOT = iphoneos;
				SWIFT_ACTIVE_COMPILATION_CONDITIONS = DEBUG;
				SWIFT_OPTIMIZATION_LEVEL = "-Onone";
			};
			name = Debug;
		};
		1D381FA426BF2862003B54CE /* Release */ = {
			isa = XCBuildConfiguration;
			buildSettings = {
				ALWAYS_SEARCH_USER_PATHS = NO;
				CLANG_ANALYZER_NONNULL = YES;
				CLANG_ANALYZER_NUMBER_OBJECT_CONVERSION = YES_AGGRESSIVE;
				CLANG_CXX_LANGUAGE_STANDARD = "gnu++14";
				CLANG_CXX_LIBRARY = "libc++";
				CLANG_ENABLE_MODULES = YES;
				CLANG_ENABLE_OBJC_ARC = YES;
				CLANG_ENABLE_OBJC_WEAK = YES;
				CLANG_WARN_BLOCK_CAPTURE_AUTORELEASING = YES;
				CLANG_WARN_BOOL_CONVERSION = YES;
				CLANG_WARN_COMMA = YES;
				CLANG_WARN_CONSTANT_CONVERSION = YES;
				CLANG_WARN_DEPRECATED_OBJC_IMPLEMENTATIONS = YES;
				CLANG_WARN_DIRECT_OBJC_ISA_USAGE = YES_ERROR;
				CLANG_WARN_DOCUMENTATION_COMMENTS = YES;
				CLANG_WARN_EMPTY_BODY = YES;
				CLANG_WARN_ENUM_CONVERSION = YES;
				CLANG_WARN_INFINITE_RECURSION = YES;
				CLANG_WARN_INT_CONVERSION = YES;
				CLANG_WARN_NON_LITERAL_NULL_CONVERSION = YES;
				CLANG_WARN_OBJC_IMPLICIT_RETAIN_SELF = YES;
				CLANG_WARN_OBJC_LITERAL_CONVERSION = YES;
				CLANG_WARN_OBJC_ROOT_CLASS = YES_ERROR;
				CLANG_WARN_QUOTED_INCLUDE_IN_FRAMEWORK_HEADER = YES;
				CLANG_WARN_RANGE_LOOP_ANALYSIS = YES;
				CLANG_WARN_STRICT_PROTOTYPES = YES;
				CLANG_WARN_SUSPICIOUS_MOVE = YES;
				CLANG_WARN_UNGUARDED_AVAILABILITY = YES_AGGRESSIVE;
				CLANG_WARN_UNREACHABLE_CODE = YES;
				CLANG_WARN__DUPLICATE_METHOD_MATCH = YES;
				COPY_PHASE_STRIP = NO;
				DEBUG_INFORMATION_FORMAT = "dwarf-with-dsym";
				ENABLE_NS_ASSERTIONS = NO;
				ENABLE_STRICT_OBJC_MSGSEND = YES;
				GCC_C_LANGUAGE_STANDARD = gnu11;
				GCC_NO_COMMON_BLOCKS = YES;
				GCC_WARN_64_TO_32_BIT_CONVERSION = YES;
				GCC_WARN_ABOUT_RETURN_TYPE = YES_ERROR;
				GCC_WARN_UNDECLARED_SELECTOR = YES;
				GCC_WARN_UNINITIALIZED_AUTOS = YES_AGGRESSIVE;
				GCC_WARN_UNUSED_FUNCTION = YES;
				GCC_WARN_UNUSED_VARIABLE = YES;
				IPHONEOS_DEPLOYMENT_TARGET = 14.4;
				MTL_ENABLE_DEBUG_INFO = NO;
				MTL_FAST_MATH = YES;
				SDKROOT = iphoneos;
				SWIFT_COMPILATION_MODE = wholemodule;
				SWIFT_OPTIMIZATION_LEVEL = "-O";
				VALIDATE_PRODUCT = YES;
			};
			name = Release;
		};
		1D381FA626BF2862003B54CE /* Debug */ = {
			isa = XCBuildConfiguration;
			baseConfigurationReference = A485932BFF04247219A20B3F /* Pods-CryptoMow.debug.xcconfig */;
			buildSettings = {
				ASSETCATALOG_COMPILER_APPICON_NAME = AppIcon;
				ASSETCATALOG_COMPILER_GLOBAL_ACCENT_COLOR_NAME = AccentColor;
				CODE_SIGN_STYLE = Automatic;
				DEVELOPMENT_ASSET_PATHS = "\"CryptoMow/Preview Content\"";
				DEVELOPMENT_TEAM = BK4NX47ULZ;
				ENABLE_PREVIEWS = YES;
				INFOPLIST_FILE = CryptoMow/Info.plist;
				IPHONEOS_DEPLOYMENT_TARGET = 14.0;
				LD_RUNPATH_SEARCH_PATHS = (
					"$(inherited)",
					"@executable_path/Frameworks",
				);
				PRODUCT_BUNDLE_IDENTIFIER = mobin.CryptoMow;
				PRODUCT_NAME = "$(TARGET_NAME)";
				SWIFT_VERSION = 5.0;
				TARGETED_DEVICE_FAMILY = "1,2";
			};
			name = Debug;
		};
		1D381FA726BF2862003B54CE /* Release */ = {
			isa = XCBuildConfiguration;
			baseConfigurationReference = 5F697711218437AE4EDA3B3F /* Pods-CryptoMow.release.xcconfig */;
			buildSettings = {
				ASSETCATALOG_COMPILER_APPICON_NAME = AppIcon;
				ASSETCATALOG_COMPILER_GLOBAL_ACCENT_COLOR_NAME = AccentColor;
				CODE_SIGN_STYLE = Automatic;
				DEVELOPMENT_ASSET_PATHS = "\"CryptoMow/Preview Content\"";
				DEVELOPMENT_TEAM = BK4NX47ULZ;
				ENABLE_PREVIEWS = YES;
				INFOPLIST_FILE = CryptoMow/Info.plist;
				IPHONEOS_DEPLOYMENT_TARGET = 14.0;
				LD_RUNPATH_SEARCH_PATHS = (
					"$(inherited)",
					"@executable_path/Frameworks",
				);
				PRODUCT_BUNDLE_IDENTIFIER = mobin.CryptoMow;
				PRODUCT_NAME = "$(TARGET_NAME)";
				SWIFT_VERSION = 5.0;
				TARGETED_DEVICE_FAMILY = "1,2";
			};
			name = Release;
		};
/* End XCBuildConfiguration section */

/* Begin XCConfigurationList section */
		1D381F9126BF285F003B54CE /* Build configuration list for PBXProject "CryptoMow" */ = {
			isa = XCConfigurationList;
			buildConfigurations = (
				1D381FA326BF2862003B54CE /* Debug */,
				1D381FA426BF2862003B54CE /* Release */,
			);
			defaultConfigurationIsVisible = 0;
			defaultConfigurationName = Release;
		};
		1D381FA526BF2862003B54CE /* Build configuration list for PBXNativeTarget "CryptoMow" */ = {
			isa = XCConfigurationList;
			buildConfigurations = (
				1D381FA626BF2862003B54CE /* Debug */,
				1D381FA726BF2862003B54CE /* Release */,
			);
			defaultConfigurationIsVisible = 0;
			defaultConfigurationName = Release;
		};
/* End XCConfigurationList section */
	};
	rootObject = 1D381F8E26BF285F003B54CE /* Project object */;
}
